
Microsoft Visual Studio Solution File, Format Version 12.00
# Visual Studio 2012
Project("{8BC9CEB8-8B4A-11D0-8D11-00A0C91BC942}") = "harj13", "harj13\harj13.vcxproj", "{D2581EB8-4C78-4821-9859-61C66305773D}"
EndProject
Global
	GlobalSection(SolutionConfigurationPlatforms) = preSolution
		Debug|Win32 = Debug|Win32
		Release|Win32 = Release|Win32
	EndGlobalSection
	GlobalSection(ProjectConfigurationPlatforms) = postSolution
		{D2581EB8-4C78-4821-9859-61C66305773D}.Debug|Win32.ActiveCfg = Debug|Win32
		{D2581EB8-4C78-4821-9859-61C66305773D}.Debug|Win32.Build.0 = Debug|Win32
		{D2581EB8-4C78-4821-9859-61C66305773D}.Release|Win32.ActiveCfg = Release|Win32
		{D2581EB8-4C78-4821-9859-61C66305773D}.Release|Win32.Build.0 = Release|Win32
	EndGlobalSection
	GlobalSection(SolutionProperties) = preSolution
		HideSolutionNode = FALSE
	EndGlobalSection
EndGlobal
